
Microsoft Visual Studio Solution File, Format Version 12.00
# Visual Studio Version 17
VisualStudioVersion = 17.14.36930.0 d17.14
MinimumVisualStudioVersion = 10.0.40219.1
Project("{888888A0-9F3D-457C-B088-3A5042F75D52}") = "__init__.py", "__init__.py.pyproj", "{6D0AB589-BBE6-40BE-9C31-677BED5A8B3F}"
EndProject
Global
	GlobalSection(SolutionConfigurationPlatforms) = preSolution
		Debug|Any CPU = Debug|Any CPU
		Release|Any CPU = Release|Any CPU
	EndGlobalSection
	GlobalSection(ProjectConfigurationPlatforms) = postSolution
		{6D0AB589-BBE6-40BE-9C31-677BED5A8B3F}.Debug|Any CPU.ActiveCfg = Debug|Any CPU
		{6D0AB589-BBE6-40BE-9C31-677BED5A8B3F}.Release|Any CPU.ActiveCfg = Release|Any CPU
	EndGlobalSection
	GlobalSection(SolutionProperties) = preSolution
		HideSolutionNode = FALSE
	EndGlobalSection
	GlobalSection(ExtensibilityGlobals) = postSolution
		SolutionGuid = {6067351C-96B6-4D4D-AD74-01E26033C8D5}
	EndGlobalSection
EndGlobal
